
Microsoft Visual Studio Solution File, Format Version 12.00
# Visual Studio Version 17
VisualStudioVersion = 17.14.36310.24 d17.14
MinimumVisualStudioVersion = 10.0.40219.1
Project("{FAE04EC0-301F-11D3-BF4B-00C04F79EFBC}") = "QuanLyNganHang", "QuanLyNganHang\QuanLyNganHang.csproj", "{1EC7AFAA-A7B9-4DB1-B837-93850201B3F0}"
EndProject
Global
	GlobalSection(SolutionConfigurationPlatforms) = preSolution
		Debug|Any CPU = Debug|Any CPU
		Release|Any CPU = Release|Any CPU
	EndGlobalSection
	GlobalSection(ProjectConfigurationPlatforms) = postSolution
		{1EC7AFAA-A7B9-4DB1-B837-93850201B3F0}.Debug|Any CPU.ActiveCfg = Debug|Any CPU
		{1EC7AFAA-A7B9-4DB1-B837-93850201B3F0}.Debug|Any CPU.Build.0 = Debug|Any CPU
		{1EC7AFAA-A7B9-4DB1-B837-93850201B3F0}.Release|Any CPU.ActiveCfg = Release|Any CPU
		{1EC7AFAA-A7B9-4DB1-B837-93850201B3F0}.Release|Any CPU.Build.0 = Release|Any CPU
	EndGlobalSection
	GlobalSection(SolutionProperties) = preSolution
		HideSolutionNode = FALSE
	EndGlobalSection
	GlobalSection(ExtensibilityGlobals) = postSolution
		SolutionGuid = {B366272E-F37E-4D23-8DB3-8C427B533860}
	EndGlobalSection
EndGlobal
